
Microsoft Visual Studio Solution File, Format Version 12.00
# Visual Studio 15
VisualStudioVersion = 15.0.26430.6
MinimumVisualStudioVersion = 10.0.40219.1
Project("{FAE04EC0-301F-11D3-BF4B-00C04F79EFBC}") = "Exercise_5", "Exercise_5\Exercise_5.csproj", "{C095AD82-DEA9-42DD-AD4F-2F6AF44BCBCD}"
EndProject
Global
	GlobalSection(SolutionConfigurationPlatforms) = preSolution
		Debug|Any CPU = Debug|Any CPU
		Release|Any CPU = Release|Any CPU
	EndGlobalSection
	GlobalSection(ProjectConfigurationPlatforms) = postSolution
		{C095AD82-DEA9-42DD-AD4F-2F6AF44BCBCD}.Debug|Any CPU.ActiveCfg = Debug|Any CPU
		{C095AD82-DEA9-42DD-AD4F-2F6AF44BCBCD}.Debug|Any CPU.Build.0 = Debug|Any CPU
		{C095AD82-DEA9-42DD-AD4F-2F6AF44BCBCD}.Release|Any CPU.ActiveCfg = Release|Any CPU
		{C095AD82-DEA9-42DD-AD4F-2F6AF44BCBCD}.Release|Any CPU.Build.0 = Release|Any CPU
	EndGlobalSection
	GlobalSection(SolutionProperties) = preSolution
		HideSolutionNode = FALSE
	EndGlobalSection
EndGlobal
