
Microsoft Visual Studio Solution File, Format Version 12.00
# Visual Studio 15
VisualStudioVersion = 15.0.26430.6
MinimumVisualStudioVersion = 10.0.40219.1
Project("{FAE04EC0-301F-11D3-BF4B-00C04F79EFBC}") = "Exercise_4", "Exercise_4\Exercise_4.csproj", "{DD39F679-74B9-47E9-86A0-D923811CC4DB}"
EndProject
Global
	GlobalSection(SolutionConfigurationPlatforms) = preSolution
		Debug|Any CPU = Debug|Any CPU
		Release|Any CPU = Release|Any CPU
	EndGlobalSection
	GlobalSection(ProjectConfigurationPlatforms) = postSolution
		{DD39F679-74B9-47E9-86A0-D923811CC4DB}.Debug|Any CPU.ActiveCfg = Debug|Any CPU
		{DD39F679-74B9-47E9-86A0-D923811CC4DB}.Debug|Any CPU.Build.0 = Debug|Any CPU
		{DD39F679-74B9-47E9-86A0-D923811CC4DB}.Release|Any CPU.ActiveCfg = Release|Any CPU
		{DD39F679-74B9-47E9-86A0-D923811CC4DB}.Release|Any CPU.Build.0 = Release|Any CPU
	EndGlobalSection
	GlobalSection(SolutionProperties) = preSolution
		HideSolutionNode = FALSE
	EndGlobalSection
EndGlobal
